// !$*UTF8*$!
{
	archiveVersion = 1;
	classes = {
	};
	objectVersion = 46;
	objects = {

/* Begin PBXBuildFile section */
		04991CF41C940C0100533405 /* AppDelegate.swift in Sources */ = {isa = PBXBuildFile; fileRef = 04991CF31C940C0100533405 /* AppDelegate.swift */; };
		04991CF61C940C0100533405 /* ViewController.swift in Sources */ = {isa = PBXBuildFile; fileRef = 04991CF51C940C0100533405 /* ViewController.swift */; };
		04991CF91C940C0100533405 /* Main.storyboard in Resources */ = {isa = PBXBuildFile; fileRef = 04991CF71C940C0100533405 /* Main.storyboard */; };
		04991CFB1C940C0100533405 /* Assets.xcassets in Resources */ = {isa = PBXBuildFile; fileRef = 04991CFA1C940C0100533405 /* Assets.xcassets */; };
		04991CFE1C940C0100533405 /* LaunchScreen.storyboard in Resources */ = {isa = PBXBuildFile; fileRef = 04991CFC1C940C0100533405 /* LaunchScreen.storyboard */; };
/* End PBXBuildFile section */

/* Begin PBXFileReference section */
		04991CF01C940C0100533405 /* CircleImageView.app */ = {isa = PBXFileReference; explicitFileType = wrapper.application; includeInIndex = 0; path = CircleImageView.app; sourceTree = BUILT_PRODUCTS_DIR; };
		04991CF31C940C0100533405 /* AppDelegate.swift */ = {isa = PBXFileReference; lastKnownFileType = sourcecode.swift; path = AppDelegate.swift; sourceTree = "<group>"; };
		04991CF51C940C0100533405 /* ViewController.swift */ = {isa = PBXFileReference; lastKnownFileType = sourcecode.swift; path = ViewController.swift; sourceTree = "<group>"; };
		04991CF81C940C0100533405 /* Base */ = {isa = PBXFileReference; lastKnownFileType = file.storyboard; name = Base; path = Base.lproj/Main.storyboard; sourceTree = "<group>"; };
		04991CFA1C940C0100533405 /* Assets.xcassets */ = {isa = PBXFileReference; lastKnownFileType = folder.assetcatalog; path = Assets.xcassets; sourceTree = "<group>"; };
		04991CFD1C940C0100533405 /* Base */ = {isa = PBXFileReference; lastKnownFileType = file.storyboard; name = Base; path = Base.lproj/LaunchScreen.storyboard; sourceTree = "<group>"; };
		04991CFF1C940C0100533405 /* Info.plist */ = {isa = PBXFileReference; lastKnownFileType = text.plist.xml; path = Info.plist; sourceTree = "<group>"; };
/* End PBXFileReference section */

/* Begin PBXFrameworksBuildPhase section */
		04991CED1C940C0100533405 /* Frameworks */ = {
			isa = PBXFrameworksBuildPhase;
			buildActionMask = 2147483647;
			files = (
			);
			runOnlyForDeploymentPostprocessing = 0;
		};
/* End PBXFrameworksBuildPhase section */

/* Begin PBXGroup section */
		04991CE71C940C0100533405 = {
			isa = PBXGroup;
			children = (
				04991CF21C940C0100533405 /* CircleImageView */,
				04991CF11C940C0100533405 /* Products */,
			);
			sourceTree = "<group>";
		};
		04991CF11C940C0100533405 /* Products */ = {
			isa = PBXGroup;
			children = (
				04991CF01C940C0100533405 /* CircleImageView.app */,
			);
			name = Products;
			sourceTree = "<group>";
		};
		04991CF21C940C0100533405 /* CircleImageView */ = {
			isa = PBXGroup;
			children = (
				04991CF31C940C0100533405 /* AppDelegate.swift */,
				04991CF51C940C0100533405 /* ViewController.swift */,
				04991CF71C940C0100533405 /* Main.storyboard */,
				04991CFA1C940C0100533405 /* Assets.xcassets */,
				04991CFC1C940C0100533405 /* LaunchScreen.storyboard */,
				04991CFF1C940C0100533405 /* Info.plist */,
			);
			path = CircleImageView;
			sourceTree = "<group>";
		};
/* End PBXGroup section */

/* Begin PBXNativeTarget section */
		04991CEF1C940C0100533405 /* CircleImageView */ = {
			isa = PBXNativeTarget;
			buildConfigurationList = 04991D021C940C0100533405 /* Build configuration list for PBXNativeTarget "CircleImageView" */;
			buildPhases = (
				04991CEC1C940C0100533405 /* Sources */,
				04991CED1C940C0100533405 /* Frameworks */,
				04991CEE1C940C0100533405 /* Resources */,
			);
			buildRules = (
			);
			dependencies = (
			);
			name = CircleImageView;
			productName = CircleImageView;
			productReference = 04991CF01C940C0100533405 /* CircleImageView.app */;
			productType = "com.apple.product-type.application";
		};
/* End PBXNativeTarget section */

/* Begin PBXProject section */
		04991CE81C940C0100533405 /* Project object */ = {
			isa = PBXProject;
			attributes = {
				LastSwiftUpdateCheck = 0720;
				LastUpgradeCheck = 0720;
				ORGANIZATIONNAME = Mac;
				TargetAttributes = {
					04991CEF1C940C0100533405 = {
						CreatedOnToolsVersion = 7.2.1;
					};
				};
			};
			buildConfigurationList = 04991CEB1C940C0100533405 /* Build configuration list for PBXProject "CircleImageView" */;
			compatibilityVersion = "Xcode 3.2";
			developmentRegion = English;
			hasScannedForEncodings = 0;
			knownRegions = (
				en,
				Base,
			);
			mainGroup = 04991CE71C940C0100533405;
			productRefGroup = 04991CF11C940C0100533405 /* Products */;
			projectDirPath = "";
			projectRoot = "";
			targets = (
				04991CEF1C940C0100533405 /* CircleImageView */,
			);
		};
/* End PBXProject section */

/* Begin PBXResourcesBuildPhase section */
		04991CEE1C940C0100533405 /* Resources */ = {
			isa = PBXResourcesBuildPhase;
			buildActionMask = 2147483647;
			files = (
				04991CFE1C940C0100533405 /* LaunchScreen.storyboard in Resources */,
				04991CFB1C940C0100533405 /* Assets.xcassets in Resources */,
				04991CF91C940C0100533405 /* Main.storyboard in Resources */,
			);
			runOnlyForDeploymentPostprocessing = 0;
		};
/* End PBXResourcesBuildPhase section */

/* Begin PBXSourcesBuildPhase section */
		04991CEC1C940C0100533405 /* Sources */ = {
			isa = PBXSourcesBuildPhase;
			buildActionMask = 2147483647;
			files = (
				04991CF61C940C0100533405 /* ViewController.swift in Sources */,
				04991CF41C940C0100533405 /* AppDelegate.swift in Sources */,
			);
			runOnlyForDeploymentPostprocessing = 0;
		};
/* End PBXSourcesBuildPhase section */

/* Begin PBXVariantGroup section */
		04991CF71C940C0100533405 /* Main.storyboard */ = {
			isa = PBXVariantGroup;
			children = (
				04991CF81C940C0100533405 /* Base */,
			);
			name = Main.storyboard;
			sourceTree = "<group>";
		};
		04991CFC1C940C0100533405 /* LaunchScreen.storyboard */ = {
			isa = PBXVariantGroup;
			children = (
				04991CFD1C940C0100533405 /* Base */,
			);
			name = LaunchScreen.storyboard;
			sourceTree = "<group>";
		};
/* End PBXVariantGroup section */

/* Begin XCBuildConfiguration section */
		04991D001C940C0100533405 /* Debug */ = {
			isa = XCBuildConfiguration;
			buildSettings = {
				ALWAYS_SEARCH_USER_PATHS = NO;
				CLANG_CXX_LANGUAGE_STANDARD = "gnu++0x";
				CLANG_CXX_LIBRARY = "libc++";
				CLANG_ENABLE_MODULES = YES;
				CLANG_ENABLE_OBJC_ARC = YES;
				CLANG_WARN_BOOL_CONVERSION = YES;
				CLANG_WARN_CONSTANT_CONVERSION = YES;
				CLANG_WARN_DIRECT_OBJC_ISA_USAGE = YES_ERROR;
				CLANG_WARN_EMPTY_BODY = YES;
				CLANG_WARN_ENUM_CONVERSION = YES;
				CLANG_WARN_INT_CONVERSION = YES;
				CLANG_WARN_OBJC_ROOT_CLASS = YES_ERROR;
				CLANG_WARN_UNREACHABLE_CODE = YES;
				CLANG_WARN__DUPLICATE_METHOD_MATCH = YES;
				"CODE_SIGN_IDENTITY[sdk=iphoneos*]" = "iPhone Developer";
				COPY_PHASE_STRIP = NO;
				DEBUG_INFORMATION_FORMAT = dwarf;
				ENABLE_STRICT_OBJC_MSGSEND = YES;
				ENABLE_TESTABILITY = YES;
				GCC_C_LANGUAGE_STANDARD = gnu99;
				GCC_DYNAMIC_NO_PIC = NO;
				GCC_NO_COMMON_BLOCKS = YES;
				GCC_OPTIMIZATION_LEVEL = 0;
				GCC_PREPROCESSOR_DEFINITIONS = (
					"DEBUG=1",
					"$(inherited)",
				);
				GCC_WARN_64_TO_32_BIT_CONVERSION = YES;
				GCC_WARN_ABOUT_RETURN_TYPE = YES_ERROR;
				GCC_WARN_UNDECLARED_SELECTOR = YES;
				GCC_WARN_UNINITIALIZED_AUTOS = YES_AGGRESSIVE;
				GCC_WARN_UNUSED_FUNCTION = YES;
				GCC_WARN_UNUSED_VARIABLE = YES;
				IPHONEOS_DEPLOYMENT_TARGET = 9.2;
				MTL_ENABLE_DEBUG_INFO = YES;
				ONLY_ACTIVE_ARCH = YES;
				SDKROOT = iphoneos;
				SWIFT_OPTIMIZATION_LEVEL = "-Onone";
			};
			name = Debug;
		};
		04991D011C940C0100533405 /* Release */ = {
			isa = XCBuildConfiguration;
			buildSettings = {
				ALWAYS_SEARCH_USER_PATHS = NO;
				CLANG_CXX_LANGUAGE_STANDARD = "gnu++0x";
				CLANG_CXX_LIBRARY = "libc++";
				CLANG_ENABLE_MODULES = YES;
				CLANG_ENABLE_OBJC_ARC = YES;
				CLANG_WARN_BOOL_CONVERSION = YES;
				CLANG_WARN_CONSTANT_CONVERSION = YES;
				CLANG_WARN_DIRECT_OBJC_ISA_USAGE = YES_ERROR;
				CLANG_WARN_EMPTY_BODY = YES;
				CLANG_WARN_ENUM_CONVERSION = YES;
				CLANG_WARN_INT_CONVERSION = YES;
				CLANG_WARN_OBJC_ROOT_CLASS = YES_ERROR;
				CLANG_WARN_UNREACHABLE_CODE = YES;
				CLANG_WARN__DUPLICATE_METHOD_MATCH = YES;
				"CODE_SIGN_IDENTITY[sdk=iphoneos*]" = "iPhone Developer";
				COPY_PHASE_STRIP = NO;
				DEBUG_INFORMATION_FORMAT = "dwarf-with-dsym";
				ENABLE_NS_ASSERTIONS = NO;
				ENABLE_STRICT_OBJC_MSGSEND = YES;
				GCC_C_LANGUAGE_STANDARD = gnu99;
				GCC_NO_COMMON_BLOCKS = YES;
				GCC_WARN_64_TO_32_BIT_CONVERSION = YES;
				GCC_WARN_ABOUT_RETURN_TYPE = YES_ERROR;
				GCC_WARN_UNDECLARED_SELECTOR = YES;
				GCC_WARN_UNINITIALIZED_AUTOS = YES_AGGRESSIVE;
				GCC_WARN_UNUSED_FUNCTION = YES;
				GCC_WARN_UNUSED_VARIABLE = YES;
				IPHONEOS_DEPLOYMENT_TARGET = 9.2;
				MTL_ENABLE_DEBUG_INFO = NO;
				SDKROOT = iphoneos;
				VALIDATE_PRODUCT = YES;
			};
			name = Release;
		};
		04991D031C940C0100533405 /* Debug */ = {
			isa = XCBuildConfiguration;
			buildSettings = {
				ASSETCATALOG_COMPILER_APPICON_NAME = AppIcon;
				INFOPLIST_FILE = CircleImageView/Info.plist;
				LD_RUNPATH_SEARCH_PATHS = "$(inherited) @executable_path/Frameworks";
				PRODUCT_BUNDLE_IDENTIFIER = com.HV.CircleImageView;
				PRODUCT_NAME = "$(TARGET_NAME)";
			};
			name = Debug;
		};
		04991D041C940C0100533405 /* Release */ = {
			isa = XCBuildConfiguration;
			buildSettings = {
				ASSETCATALOG_COMPILER_APPICON_NAME = AppIcon;
				INFOPLIST_FILE = CircleImageView/Info.plist;
				LD_RUNPATH_SEARCH_PATHS = "$(inherited) @executable_path/Frameworks";
				PRODUCT_BUNDLE_IDENTIFIER = com.HV.CircleImageView;
				PRODUCT_NAME = "$(TARGET_NAME)";
			};
			name = Release;
		};
/* End XCBuildConfiguration section */

/* Begin XCConfigurationList section */
		04991CEB1C940C0100533405 /* Build configuration list for PBXProject "CircleImageView" */ = {
			isa = XCConfigurationList;
			buildConfigurations = (
				04991D001C940C0100533405 /* Debug */,
				04991D011C940C0100533405 /* Release */,
			);
			defaultConfigurationIsVisible = 0;
			defaultConfigurationName = Release;
		};
		04991D021C940C0100533405 /* Build configuration list for PBXNativeTarget "CircleImageView" */ = {
			isa = XCConfigurationList;
			buildConfigurations = (
				04991D031C940C0100533405 /* Debug */,
				04991D041C940C0100533405 /* Release */,
			);
			defaultConfigurationIsVisible = 0;
		};
/* End XCConfigurationList section */
	};
	rootObject = 04991CE81C940C0100533405 /* Project object */;
}
